// !$*UTF8*$!
{
	archiveVersion = 1;
	classes = {
	};
	objectVersion = 56;
	objects = {

/* Begin PBXBuildFile section */
		36D6CB172B8B204D002A0CE3 /* AppDelegate.swift in Sources */ = {isa = PBXBuildFile; fileRef = 36D6CB162B8B204D002A0CE3 /* AppDelegate.swift */; };
		36D6CB192B8B204D002A0CE3 /* SceneDelegate.swift in Sources */ = {isa = PBXBuildFile; fileRef = 36D6CB182B8B204D002A0CE3 /* SceneDelegate.swift */; };
		36D6CB1B2B8B204D002A0CE3 /* ViewController.swift in Sources */ = {isa = PBXBuildFile; fileRef = 36D6CB1A2B8B204D002A0CE3 /* ViewController.swift */; };
		36D6CB1E2B8B204D002A0CE3 /* Main.storyboard in Resources */ = {isa = PBXBuildFile; fileRef = 36D6CB1C2B8B204D002A0CE3 /* Main.storyboard */; };
		36D6CB212B8B204D002A0CE3 /* UnitTestProject.xcdatamodeld in Sources */ = {isa = PBXBuildFile; fileRef = 36D6CB1F2B8B204D002A0CE3 /* UnitTestProject.xcdatamodeld */; };
		36D6CB232B8B2050002A0CE3 /* Assets.xcassets in Resources */ = {isa = PBXBuildFile; fileRef = 36D6CB222B8B2050002A0CE3 /* Assets.xcassets */; };
		36D6CB262B8B2050002A0CE3 /* LaunchScreen.storyboard in Resources */ = {isa = PBXBuildFile; fileRef = 36D6CB242B8B2050002A0CE3 /* LaunchScreen.storyboard */; };
		36D6CB312B8B2051002A0CE3 /* UnitTestProjectTests.swift in Sources */ = {isa = PBXBuildFile; fileRef = 36D6CB302B8B2051002A0CE3 /* UnitTestProjectTests.swift */; };
		36D6CB3B2B8B2051002A0CE3 /* UnitTestProjectUITests.swift in Sources */ = {isa = PBXBuildFile; fileRef = 36D6CB3A2B8B2051002A0CE3 /* UnitTestProjectUITests.swift */; };
		36D6CB3D2B8B2051002A0CE3 /* UnitTestProjectUITestsLaunchTests.swift in Sources */ = {isa = PBXBuildFile; fileRef = 36D6CB3C2B8B2051002A0CE3 /* UnitTestProjectUITestsLaunchTests.swift */; };
/* End PBXBuildFile section */

/* Begin PBXContainerItemProxy section */
		36D6CB2D2B8B2051002A0CE3 /* PBXContainerItemProxy */ = {
			isa = PBXContainerItemProxy;
			containerPortal = 36D6CB0B2B8B204D002A0CE3 /* Project object */;
			proxyType = 1;
			remoteGlobalIDString = 36D6CB122B8B204D002A0CE3;
			remoteInfo = UnitTestProject;
		};
		36D6CB372B8B2051002A0CE3 /* PBXContainerItemProxy */ = {
			isa = PBXContainerItemProxy;
			containerPortal = 36D6CB0B2B8B204D002A0CE3 /* Project object */;
			proxyType = 1;
			remoteGlobalIDString = 36D6CB122B8B204D002A0CE3;
			remoteInfo = UnitTestProject;
		};
/* End PBXContainerItemProxy section */

/* Begin PBXFileReference section */
		36D6CB132B8B204D002A0CE3 /* UnitTestProject.app */ = {isa = PBXFileReference; explicitFileType = wrapper.application; includeInIndex = 0; path = UnitTestProject.app; sourceTree = BUILT_PRODUCTS_DIR; };
		36D6CB162B8B204D002A0CE3 /* AppDelegate.swift */ = {isa = PBXFileReference; lastKnownFileType = sourcecode.swift; path = AppDelegate.swift; sourceTree = "<group>"; };
		36D6CB182B8B204D002A0CE3 /* SceneDelegate.swift */ = {isa = PBXFileReference; lastKnownFileType = sourcecode.swift; path = SceneDelegate.swift; sourceTree = "<group>"; };
		36D6CB1A2B8B204D002A0CE3 /* ViewController.swift */ = {isa = PBXFileReference; lastKnownFileType = sourcecode.swift; path = ViewController.swift; sourceTree = "<group>"; };
		36D6CB1D2B8B204D002A0CE3 /* Base */ = {isa = PBXFileReference; lastKnownFileType = file.storyboard; name = Base; path = Base.lproj/Main.storyboard; sourceTree = "<group>"; };
		36D6CB202B8B204D002A0CE3 /* UnitTestProject.xcdatamodel */ = {isa = PBXFileReference; lastKnownFileType = wrapper.xcdatamodel; path = UnitTestProject.xcdatamodel; sourceTree = "<group>"; };
		36D6CB222B8B2050002A0CE3 /* Assets.xcassets */ = {isa = PBXFileReference; lastKnownFileType = folder.assetcatalog; path = Assets.xcassets; sourceTree = "<group>"; };
		36D6CB252B8B2050002A0CE3 /* Base */ = {isa = PBXFileReference; lastKnownFileType = file.storyboard; name = Base; path = Base.lproj/LaunchScreen.storyboard; sourceTree = "<group>"; };
		36D6CB272B8B2050002A0CE3 /* Info.plist */ = {isa = PBXFileReference; lastKnownFileType = text.plist.xml; path = Info.plist; sourceTree = "<group>"; };
		36D6CB2C2B8B2051002A0CE3 /* UnitTestProjectTests.xctest */ = {isa = PBXFileReference; explicitFileType = wrapper.cfbundle; includeInIndex = 0; path = UnitTestProjectTests.xctest; sourceTree = BUILT_PRODUCTS_DIR; };
		36D6CB302B8B2051002A0CE3 /* UnitTestProjectTests.swift */ = {isa = PBXFileReference; lastKnownFileType = sourcecode.swift; path = UnitTestProjectTests.swift; sourceTree = "<group>"; };
		36D6CB362B8B2051002A0CE3 /* UnitTestProjectUITests.xctest */ = {isa = PBXFileReference; explicitFileType = wrapper.cfbundle; includeInIndex = 0; path = UnitTestProjectUITests.xctest; sourceTree = BUILT_PRODUCTS_DIR; };
		36D6CB3A2B8B2051002A0CE3 /* UnitTestProjectUITests.swift */ = {isa = PBXFileReference; lastKnownFileType = sourcecode.swift; path = UnitTestProjectUITests.swift; sourceTree = "<group>"; };
		36D6CB3C2B8B2051002A0CE3 /* UnitTestProjectUITestsLaunchTests.swift */ = {isa = PBXFileReference; lastKnownFileType = sourcecode.swift; path = UnitTestProjectUITestsLaunchTests.swift; sourceTree = "<group>"; };
/* End PBXFileReference section */

/* Begin PBXFrameworksBuildPhase section */
		36D6CB102B8B204D002A0CE3 /* Frameworks */ = {
			isa = PBXFrameworksBuildPhase;
			buildActionMask = 2147483647;
			files = (
			);
			runOnlyForDeploymentPostprocessing = 0;
		};
		36D6CB292B8B2051002A0CE3 /* Frameworks */ = {
			isa = PBXFrameworksBuildPhase;
			buildActionMask = 2147483647;
			files = (
			);
			runOnlyForDeploymentPostprocessing = 0;
		};
		36D6CB332B8B2051002A0CE3 /* Frameworks */ = {
			isa = PBXFrameworksBuildPhase;
			buildActionMask = 2147483647;
			files = (
			);
			runOnlyForDeploymentPostprocessing = 0;
		};
/* End PBXFrameworksBuildPhase section */

/* Begin PBXGroup section */
		36D6CB0A2B8B204D002A0CE3 = {
			isa = PBXGroup;
			children = (
				36D6CB152B8B204D002A0CE3 /* UnitTestProject */,
				36D6CB2F2B8B2051002A0CE3 /* UnitTestProjectTests */,
				36D6CB392B8B2051002A0CE3 /* UnitTestProjectUITests */,
				36D6CB142B8B204D002A0CE3 /* Products */,
			);
			sourceTree = "<group>";
		};
		36D6CB142B8B204D002A0CE3 /* Products */ = {
			isa = PBXGroup;
			children = (
				36D6CB132B8B204D002A0CE3 /* UnitTestProject.app */,
				36D6CB2C2B8B2051002A0CE3 /* UnitTestProjectTests.xctest */,
				36D6CB362B8B2051002A0CE3 /* UnitTestProjectUITests.xctest */,
			);
			name = Products;
			sourceTree = "<group>";
		};
		36D6CB152B8B204D002A0CE3 /* UnitTestProject */ = {
			isa = PBXGroup;
			children = (
				36D6CB162B8B204D002A0CE3 /* AppDelegate.swift */,
				36D6CB182B8B204D002A0CE3 /* SceneDelegate.swift */,
				36D6CB1A2B8B204D002A0CE3 /* ViewController.swift */,
				36D6CB1C2B8B204D002A0CE3 /* Main.storyboard */,
				36D6CB222B8B2050002A0CE3 /* Assets.xcassets */,
				36D6CB242B8B2050002A0CE3 /* LaunchScreen.storyboard */,
				36D6CB272B8B2050002A0CE3 /* Info.plist */,
				36D6CB1F2B8B204D002A0CE3 /* UnitTestProject.xcdatamodeld */,
			);
			path = UnitTestProject;
			sourceTree = "<group>";
		};
		36D6CB2F2B8B2051002A0CE3 /* UnitTestProjectTests */ = {
			isa = PBXGroup;
			children = (
				36D6CB302B8B2051002A0CE3 /* UnitTestProjectTests.swift */,
			);
			path = UnitTestProjectTests;
			sourceTree = "<group>";
		};
		36D6CB392B8B2051002A0CE3 /* UnitTestProjectUITests */ = {
			isa = PBXGroup;
			children = (
				36D6CB3A2B8B2051002A0CE3 /* UnitTestProjectUITests.swift */,
				36D6CB3C2B8B2051002A0CE3 /* UnitTestProjectUITestsLaunchTests.swift */,
			);
			path = UnitTestProjectUITests;
			sourceTree = "<group>";
		};
/* End PBXGroup section */

/* Begin PBXNativeTarget section */
		36D6CB122B8B204D002A0CE3 /* UnitTestProject */ = {
			isa = PBXNativeTarget;
			buildConfigurationList = 36D6CB402B8B2051002A0CE3 /* Build configuration list for PBXNativeTarget "UnitTestProject" */;
			buildPhases = (
				36D6CB0F2B8B204D002A0CE3 /* Sources */,
				36D6CB102B8B204D002A0CE3 /* Frameworks */,
				36D6CB112B8B204D002A0CE3 /* Resources */,
			);
			buildRules = (
			);
			dependencies = (
			);
			name = UnitTestProject;
			productName = UnitTestProject;
			productReference = 36D6CB132B8B204D002A0CE3 /* UnitTestProject.app */;
			productType = "com.apple.product-type.application";
		};
		36D6CB2B2B8B2051002A0CE3 /* UnitTestProjectTests */ = {
			isa = PBXNativeTarget;
			buildConfigurationList = 36D6CB432B8B2051002A0CE3 /* Build configuration list for PBXNativeTarget "UnitTestProjectTests" */;
			buildPhases = (
				36D6CB282B8B2051002A0CE3 /* Sources */,
				36D6CB292B8B2051002A0CE3 /* Frameworks */,
				36D6CB2A2B8B2051002A0CE3 /* Resources */,
			);
			buildRules = (
			);
			dependencies = (
				36D6CB2E2B8B2051002A0CE3 /* PBXTargetDependency */,
			);
			name = UnitTestProjectTests;
			productName = UnitTestProjectTests;
			productReference = 36D6CB2C2B8B2051002A0CE3 /* UnitTestProjectTests.xctest */;
			productType = "com.apple.product-type.bundle.unit-test";
		};
		36D6CB352B8B2051002A0CE3 /* UnitTestProjectUITests */ = {
			isa = PBXNativeTarget;
			buildConfigurationList = 36D6CB462B8B2051002A0CE3 /* Build configuration list for PBXNativeTarget "UnitTestProjectUITests" */;
			buildPhases = (
				36D6CB322B8B2051002A0CE3 /* Sources */,
				36D6CB332B8B2051002A0CE3 /* Frameworks */,
				36D6CB342B8B2051002A0CE3 /* Resources */,
			);
			buildRules = (
			);
			dependencies = (
				36D6CB382B8B2051002A0CE3 /* PBXTargetDependency */,
			);
			name = UnitTestProjectUITests;
			productName = UnitTestProjectUITests;
			productReference = 36D6CB362B8B2051002A0CE3 /* UnitTestProjectUITests.xctest */;
			productType = "com.apple.product-type.bundle.ui-testing";
		};
/* End PBXNativeTarget section */

/* Begin PBXProject section */
		36D6CB0B2B8B204D002A0CE3 /* Project object */ = {
			isa = PBXProject;
			attributes = {
				BuildIndependentTargetsInParallel = 1;
				LastSwiftUpdateCheck = 1520;
				LastUpgradeCheck = 1520;
				TargetAttributes = {
					36D6CB122B8B204D002A0CE3 = {
						CreatedOnToolsVersion = 15.2;
					};
					36D6CB2B2B8B2051002A0CE3 = {
						CreatedOnToolsVersion = 15.2;
						TestTargetID = 36D6CB122B8B204D002A0CE3;
					};
					36D6CB352B8B2051002A0CE3 = {
						CreatedOnToolsVersion = 15.2;
						TestTargetID = 36D6CB122B8B204D002A0CE3;
					};
				};
			};
			buildConfigurationList = 36D6CB0E2B8B204D002A0CE3 /* Build configuration list for PBXProject "UnitTestProject" */;
			compatibilityVersion = "Xcode 14.0";
			developmentRegion = en;
			hasScannedForEncodings = 0;
			knownRegions = (
				en,
				Base,
			);
			mainGroup = 36D6CB0A2B8B204D002A0CE3;
			productRefGroup = 36D6CB142B8B204D002A0CE3 /* Products */;
			projectDirPath = "";
			projectRoot = "";
			targets = (
				36D6CB122B8B204D002A0CE3 /* UnitTestProject */,
				36D6CB2B2B8B2051002A0CE3 /* UnitTestProjectTests */,
				36D6CB352B8B2051002A0CE3 /* UnitTestProjectUITests */,
			);
		};
/* End PBXProject section */

/* Begin PBXResourcesBuildPhase section */
		36D6CB112B8B204D002A0CE3 /* Resources */ = {
			isa = PBXResourcesBuildPhase;
			buildActionMask = 2147483647;
			files = (
				36D6CB262B8B2050002A0CE3 /* LaunchScreen.storyboard in Resources */,
				36D6CB232B8B2050002A0CE3 /* Assets.xcassets in Resources */,
				36D6CB1E2B8B204D002A0CE3 /* Main.storyboard in Resources */,
			);
			runOnlyForDeploymentPostprocessing = 0;
		};
		36D6CB2A2B8B2051002A0CE3 /* Resources */ = {
			isa = PBXResourcesBuildPhase;
			buildActionMask = 2147483647;
			files = (
			);
			runOnlyForDeploymentPostprocessing = 0;
		};
		36D6CB342B8B2051002A0CE3 /* Resources */ = {
			isa = PBXResourcesBuildPhase;
			buildActionMask = 2147483647;
			files = (
			);
			runOnlyForDeploymentPostprocessing = 0;
		};
/* End PBXResourcesBuildPhase section */

/* Begin PBXSourcesBuildPhase section */
		36D6CB0F2B8B204D002A0CE3 /* Sources */ = {
			isa = PBXSourcesBuildPhase;
			buildActionMask = 2147483647;
			files = (
				36D6CB1B2B8B204D002A0CE3 /* ViewController.swift in Sources */,
				36D6CB172B8B204D002A0CE3 /* AppDelegate.swift in Sources */,
				36D6CB192B8B204D002A0CE3 /* SceneDelegate.swift in Sources */,
				36D6CB212B8B204D002A0CE3 /* UnitTestProject.xcdatamodeld in Sources */,
			);
			runOnlyForDeploymentPostprocessing = 0;
		};
		36D6CB282B8B2051002A0CE3 /* Sources */ = {
			isa = PBXSourcesBuildPhase;
			buildActionMask = 2147483647;
			files = (
				36D6CB312B8B2051002A0CE3 /* UnitTestProjectTests.swift in Sources */,
			);
			runOnlyForDeploymentPostprocessing = 0;
		};
		36D6CB322B8B2051002A0CE3 /* Sources */ = {
			isa = PBXSourcesBuildPhase;
			buildActionMask = 2147483647;
			files = (
				36D6CB3D2B8B2051002A0CE3 /* UnitTestProjectUITestsLaunchTests.swift in Sources */,
				36D6CB3B2B8B2051002A0CE3 /* UnitTestProjectUITests.swift in Sources */,
			);
			runOnlyForDeploymentPostprocessing = 0;
		};
/* End PBXSourcesBuildPhase section */

/* Begin PBXTargetDependency section */
		36D6CB2E2B8B2051002A0CE3 /* PBXTargetDependency */ = {
			isa = PBXTargetDependency;
			target = 36D6CB122B8B204D002A0CE3 /* UnitTestProject */;
			targetProxy = 36D6CB2D2B8B2051002A0CE3 /* PBXContainerItemProxy */;
		};
		36D6CB382B8B2051002A0CE3 /* PBXTargetDependency */ = {
			isa = PBXTargetDependency;
			target = 36D6CB122B8B204D002A0CE3 /* UnitTestProject */;
			targetProxy = 36D6CB372B8B2051002A0CE3 /* PBXContainerItemProxy */;
		};
/* End PBXTargetDependency section */

/* Begin PBXVariantGroup section */
		36D6CB1C2B8B204D002A0CE3 /* Main.storyboard */ = {
			isa = PBXVariantGroup;
			children = (
				36D6CB1D2B8B204D002A0CE3 /* Base */,
			);
			name = Main.storyboard;
			sourceTree = "<group>";
		};
		36D6CB242B8B2050002A0CE3 /* LaunchScreen.storyboard */ = {
			isa = PBXVariantGroup;
			children = (
				36D6CB252B8B2050002A0CE3 /* Base */,
			);
			name = LaunchScreen.storyboard;
			sourceTree = "<group>";
		};
/* End PBXVariantGroup section */

/* Begin XCBuildConfiguration section */
		36D6CB3E2B8B2051002A0CE3 /* Debug */ = {
			isa = XCBuildConfiguration;
			buildSettings = {
				ALWAYS_SEARCH_USER_PATHS = NO;
				ASSETCATALOG_COMPILER_GENERATE_SWIFT_ASSET_SYMBOL_EXTENSIONS = YES;
				CLANG_ANALYZER_NONNULL = YES;
				CLANG_ANALYZER_NUMBER_OBJECT_CONVERSION = YES_AGGRESSIVE;
				CLANG_CXX_LANGUAGE_STANDARD = "gnu++20";
				CLANG_ENABLE_MODULES = YES;
				CLANG_ENABLE_OBJC_ARC = YES;
				CLANG_ENABLE_OBJC_WEAK = YES;
				CLANG_WARN_BLOCK_CAPTURE_AUTORELEASING = YES;
				CLANG_WARN_BOOL_CONVERSION = YES;
				CLANG_WARN_COMMA = YES;
				CLANG_WARN_CONSTANT_CONVERSION = YES;
				CLANG_WARN_DEPRECATED_OBJC_IMPLEMENTATIONS = YES;
				CLANG_WARN_DIRECT_OBJC_ISA_USAGE = YES_ERROR;
				CLANG_WARN_DOCUMENTATION_COMMENTS = YES;
				CLANG_WARN_EMPTY_BODY = YES;
				CLANG_WARN_ENUM_CONVERSION = YES;
				CLANG_WARN_INFINITE_RECURSION = YES;
				CLANG_WARN_INT_CONVERSION = YES;
				CLANG_WARN_NON_LITERAL_NULL_CONVERSION = YES;
				CLANG_WARN_OBJC_IMPLICIT_RETAIN_SELF = YES;
				CLANG_WARN_OBJC_LITERAL_CONVERSION = YES;
				CLANG_WARN_OBJC_ROOT_CLASS = YES_ERROR;
				CLANG_WARN_QUOTED_INCLUDE_IN_FRAMEWORK_HEADER = YES;
				CLANG_WARN_RANGE_LOOP_ANALYSIS = YES;
				CLANG_WARN_STRICT_PROTOTYPES = YES;
				CLANG_WARN_SUSPICIOUS_MOVE = YES;
				CLANG_WARN_UNGUARDED_AVAILABILITY = YES_AGGRESSIVE;
				CLANG_WARN_UNREACHABLE_CODE = YES;
				CLANG_WARN__DUPLICATE_METHOD_MATCH = YES;
				COPY_PHASE_STRIP = NO;
				DEBUG_INFORMATION_FORMAT = dwarf;
				ENABLE_STRICT_OBJC_MSGSEND = YES;
				ENABLE_TESTABILITY = YES;
				ENABLE_USER_SCRIPT_SANDBOXING = YES;
				GCC_C_LANGUAGE_STANDARD = gnu17;
				GCC_DYNAMIC_NO_PIC = NO;
				GCC_NO_COMMON_BLOCKS = YES;
				GCC_OPTIMIZATION_LEVEL = 0;
				GCC_PREPROCESSOR_DEFINITIONS = (
					"DEBUG=1",
					"$(inherited)",
				);
				GCC_WARN_64_TO_32_BIT_CONVERSION = YES;
				GCC_WARN_ABOUT_RETURN_TYPE = YES_ERROR;
				GCC_WARN_UNDECLARED_SELECTOR = YES;
				GCC_WARN_UNINITIALIZED_AUTOS = YES_AGGRESSIVE;
				GCC_WARN_UNUSED_FUNCTION = YES;
				GCC_WARN_UNUSED_VARIABLE = YES;
				IPHONEOS_DEPLOYMENT_TARGET = 17.2;
				LOCALIZATION_PREFERS_STRING_CATALOGS = YES;
				MTL_ENABLE_DEBUG_INFO = INCLUDE_SOURCE;
				MTL_FAST_MATH = YES;
				ONLY_ACTIVE_ARCH = YES;
				SDKROOT = iphoneos;
				SWIFT_ACTIVE_COMPILATION_CONDITIONS = "DEBUG $(inherited)";
				SWIFT_OPTIMIZATION_LEVEL = "-Onone";
			};
			name = Debug;
		};
		36D6CB3F2B8B2051002A0CE3 /* Release */ = {
			isa = XCBuildConfiguration;
			buildSettings = {
				ALWAYS_SEARCH_USER_PATHS = NO;
				ASSETCATALOG_COMPILER_GENERATE_SWIFT_ASSET_SYMBOL_EXTENSIONS = YES;
				CLANG_ANALYZER_NONNULL = YES;
				CLANG_ANALYZER_NUMBER_OBJECT_CONVERSION = YES_AGGRESSIVE;
				CLANG_CXX_LANGUAGE_STANDARD = "gnu++20";
				CLANG_ENABLE_MODULES = YES;
				CLANG_ENABLE_OBJC_ARC = YES;
				CLANG_ENABLE_OBJC_WEAK = YES;
				CLANG_WARN_BLOCK_CAPTURE_AUTORELEASING = YES;
				CLANG_WARN_BOOL_CONVERSION = YES;
				CLANG_WARN_COMMA = YES;
				CLANG_WARN_CONSTANT_CONVERSION = YES;
				CLANG_WARN_DEPRECATED_OBJC_IMPLEMENTATIONS = YES;
				CLANG_WARN_DIRECT_OBJC_ISA_USAGE = YES_ERROR;
				CLANG_WARN_DOCUMENTATION_COMMENTS = YES;
				CLANG_WARN_EMPTY_BODY = YES;
				CLANG_WARN_ENUM_CONVERSION = YES;
				CLANG_WARN_INFINITE_RECURSION = YES;
				CLANG_WARN_INT_CONVERSION = YES;
				CLANG_WARN_NON_LITERAL_NULL_CONVERSION = YES;
				CLANG_WARN_OBJC_IMPLICIT_RETAIN_SELF = YES;
				CLANG_WARN_OBJC_LITERAL_CONVERSION = YES;
				CLANG_WARN_OBJC_ROOT_CLASS = YES_ERROR;
				CLANG_WARN_QUOTED_INCLUDE_IN_FRAMEWORK_HEADER = YES;
				CLANG_WARN_RANGE_LOOP_ANALYSIS = YES;
				CLANG_WARN_STRICT_PROTOTYPES = YES;
				CLANG_WARN_SUSPICIOUS_MOVE = YES;
				CLANG_WARN_UNGUARDED_AVAILABILITY = YES_AGGRESSIVE;
				CLANG_WARN_UNREACHABLE_CODE = YES;
				CLANG_WARN__DUPLICATE_METHOD_MATCH = YES;
				COPY_PHASE_STRIP = NO;
				DEBUG_INFORMATION_FORMAT = "dwarf-with-dsym";
				ENABLE_NS_ASSERTIONS = NO;
				ENABLE_STRICT_OBJC_MSGSEND = YES;
				ENABLE_USER_SCRIPT_SANDBOXING = YES;
				GCC_C_LANGUAGE_STANDARD = gnu17;
				GCC_NO_COMMON_BLOCKS = YES;
				GCC_WARN_64_TO_32_BIT_CONVERSION = YES;
				GCC_WARN_ABOUT_RETURN_TYPE = YES_ERROR;
				GCC_WARN_UNDECLARED_SELECTOR = YES;
				GCC_WARN_UNINITIALIZED_AUTOS = YES_AGGRESSIVE;
				GCC_WARN_UNUSED_FUNCTION = YES;
				GCC_WARN_UNUSED_VARIABLE = YES;
				IPHONEOS_DEPLOYMENT_TARGET = 17.2;
				LOCALIZATION_PREFERS_STRING_CATALOGS = YES;
				MTL_ENABLE_DEBUG_INFO = NO;
				MTL_FAST_MATH = YES;
				SDKROOT = iphoneos;
				SWIFT_COMPILATION_MODE = wholemodule;
				VALIDATE_PRODUCT = YES;
			};
			name = Release;
		};
		36D6CB412B8B2051002A0CE3 /* Debug */ = {
			isa = XCBuildConfiguration;
			buildSettings = {
				ASSETCATALOG_COMPILER_APPICON_NAME = AppIcon;
				ASSETCATALOG_COMPILER_GLOBAL_ACCENT_COLOR_NAME = AccentColor;
				CODE_SIGN_STYLE = Automatic;
				CURRENT_PROJECT_VERSION = 1;
				DEVELOPMENT_TEAM = 3465P58RWG;
				GENERATE_INFOPLIST_FILE = YES;
				INFOPLIST_FILE = UnitTestProject/Info.plist;
				INFOPLIST_KEY_UIApplicationSupportsIndirectInputEvents = YES;
				INFOPLIST_KEY_UILaunchStoryboardName = LaunchScreen;
				INFOPLIST_KEY_UIMainStoryboardFile = Main;
				INFOPLIST_KEY_UISupportedInterfaceOrientations_iPad = "UIInterfaceOrientationPortrait UIInterfaceOrientationPortraitUpsideDown UIInterfaceOrientationLandscapeLeft UIInterfaceOrientationLandscapeRight";
				INFOPLIST_KEY_UISupportedInterfaceOrientations_iPhone = "UIInterfaceOrientationPortrait UIInterfaceOrientationLandscapeLeft UIInterfaceOrientationLandscapeRight";
				LD_RUNPATH_SEARCH_PATHS = (
					"$(inherited)",
					"@executable_path/Frameworks",
				);
				MARKETING_VERSION = 1.0;
				PRODUCT_BUNDLE_IDENTIFIER = com.ge.ent.UnitTestProject;
				PRODUCT_NAME = "$(TARGET_NAME)";
				SWIFT_EMIT_LOC_STRINGS = YES;
				SWIFT_VERSION = 5.0;
				TARGETED_DEVICE_FAMILY = "1,2";
			};
			name = Debug;
		};
		36D6CB422B8B2051002A0CE3 /* Release */ = {
			isa = XCBuildConfiguration;
			buildSettings = {
				ASSETCATALOG_COMPILER_APPICON_NAME = AppIcon;
				ASSETCATALOG_COMPILER_GLOBAL_ACCENT_COLOR_NAME = AccentColor;
				CODE_SIGN_STYLE = Automatic;
				CURRENT_PROJECT_VERSION = 1;
				DEVELOPMENT_TEAM = 3465P58RWG;
				GENERATE_INFOPLIST_FILE = YES;
				INFOPLIST_FILE = UnitTestProject/Info.plist;
				INFOPLIST_KEY_UIApplicationSupportsIndirectInputEvents = YES;
				INFOPLIST_KEY_UILaunchStoryboardName = LaunchScreen;
				INFOPLIST_KEY_UIMainStoryboardFile = Main;
				INFOPLIST_KEY_UISupportedInterfaceOrientations_iPad = "UIInterfaceOrientationPortrait UIInterfaceOrientationPortraitUpsideDown UIInterfaceOrientationLandscapeLeft UIInterfaceOrientationLandscapeRight";
				INFOPLIST_KEY_UISupportedInterfaceOrientations_iPhone = "UIInterfaceOrientationPortrait UIInterfaceOrientationLandscapeLeft UIInterfaceOrientationLandscapeRight";
				LD_RUNPATH_SEARCH_PATHS = (
					"$(inherited)",
					"@executable_path/Frameworks",
				);
				MARKETING_VERSION = 1.0;
				PRODUCT_BUNDLE_IDENTIFIER = com.ge.ent.UnitTestProject;
				PRODUCT_NAME = "$(TARGET_NAME)";
				SWIFT_EMIT_LOC_STRINGS = YES;
				SWIFT_VERSION = 5.0;
				TARGETED_DEVICE_FAMILY = "1,2";
			};
			name = Release;
		};
		36D6CB442B8B2051002A0CE3 /* Debug */ = {
			isa = XCBuildConfiguration;
			buildSettings = {
				ALWAYS_EMBED_SWIFT_STANDARD_LIBRARIES = YES;
				BUNDLE_LOADER = "$(TEST_HOST)";
				CODE_SIGN_STYLE = Automatic;
				CURRENT_PROJECT_VERSION = 1;
				DEVELOPMENT_TEAM = 3465P58RWG;
				GENERATE_INFOPLIST_FILE = YES;
				IPHONEOS_DEPLOYMENT_TARGET = 17.2;
				MARKETING_VERSION = 1.0;
				PRODUCT_BUNDLE_IDENTIFIER = com.ge.ent.UnitTestProjectTests;
				PRODUCT_NAME = "$(TARGET_NAME)";
				SWIFT_EMIT_LOC_STRINGS = NO;
				SWIFT_VERSION = 5.0;
				TARGETED_DEVICE_FAMILY = "1,2";
				TEST_HOST = "$(BUILT_PRODUCTS_DIR)/UnitTestProject.app/$(BUNDLE_EXECUTABLE_FOLDER_PATH)/UnitTestProject";
			};
			name = Debug;
		};
		36D6CB452B8B2051002A0CE3 /* Release */ = {
			isa = XCBuildConfiguration;
			buildSettings = {
				ALWAYS_EMBED_SWIFT_STANDARD_LIBRARIES = YES;
				BUNDLE_LOADER = "$(TEST_HOST)";
				CODE_SIGN_STYLE = Automatic;
				CURRENT_PROJECT_VERSION = 1;
				DEVELOPMENT_TEAM = 3465P58RWG;
				GENERATE_INFOPLIST_FILE = YES;
				IPHONEOS_DEPLOYMENT_TARGET = 17.2;
				MARKETING_VERSION = 1.0;
				PRODUCT_BUNDLE_IDENTIFIER = com.ge.ent.UnitTestProjectTests;
				PRODUCT_NAME = "$(TARGET_NAME)";
				SWIFT_EMIT_LOC_STRINGS = NO;
				SWIFT_VERSION = 5.0;
				TARGETED_DEVICE_FAMILY = "1,2";
				TEST_HOST = "$(BUILT_PRODUCTS_DIR)/UnitTestProject.app/$(BUNDLE_EXECUTABLE_FOLDER_PATH)/UnitTestProject";
			};
			name = Release;
		};
		36D6CB472B8B2051002A0CE3 /* Debug */ = {
			isa = XCBuildConfiguration;
			buildSettings = {
				ALWAYS_EMBED_SWIFT_STANDARD_LIBRARIES = YES;
				CODE_SIGN_STYLE = Automatic;
				CURRENT_PROJECT_VERSION = 1;
				DEVELOPMENT_TEAM = 3465P58RWG;
				GENERATE_INFOPLIST_FILE = YES;
				MARKETING_VERSION = 1.0;
				PRODUCT_BUNDLE_IDENTIFIER = com.ge.ent.UnitTestProjectUITests;
				PRODUCT_NAME = "$(TARGET_NAME)";
				SWIFT_EMIT_LOC_STRINGS = NO;
				SWIFT_VERSION = 5.0;
				TARGETED_DEVICE_FAMILY = "1,2";
				TEST_TARGET_NAME = UnitTestProject;
			};
			name = Debug;
		};
		36D6CB482B8B2051002A0CE3 /* Release */ = {
			isa = XCBuildConfiguration;
			buildSettings = {
				ALWAYS_EMBED_SWIFT_STANDARD_LIBRARIES = YES;
				CODE_SIGN_STYLE = Automatic;
				CURRENT_PROJECT_VERSION = 1;
				DEVELOPMENT_TEAM = 3465P58RWG;
				GENERATE_INFOPLIST_FILE = YES;
				MARKETING_VERSION = 1.0;
				PRODUCT_BUNDLE_IDENTIFIER = com.ge.ent.UnitTestProjectUITests;
				PRODUCT_NAME = "$(TARGET_NAME)";
				SWIFT_EMIT_LOC_STRINGS = NO;
				SWIFT_VERSION = 5.0;
				TARGETED_DEVICE_FAMILY = "1,2";
				TEST_TARGET_NAME = UnitTestProject;
			};
			name = Release;
		};
/* End XCBuildConfiguration section */

/* Begin XCConfigurationList section */
		36D6CB0E2B8B204D002A0CE3 /* Build configuration list for PBXProject "UnitTestProject" */ = {
			isa = XCConfigurationList;
			buildConfigurations = (
				36D6CB3E2B8B2051002A0CE3 /* Debug */,
				36D6CB3F2B8B2051002A0CE3 /* Release */,
			);
			defaultConfigurationIsVisible = 0;
			defaultConfigurationName = Release;
		};
		36D6CB402B8B2051002A0CE3 /* Build configuration list for PBXNativeTarget "UnitTestProject" */ = {
			isa = XCConfigurationList;
			buildConfigurations = (
				36D6CB412B8B2051002A0CE3 /* Debug */,
				36D6CB422B8B2051002A0CE3 /* Release */,
			);
			defaultConfigurationIsVisible = 0;
			defaultConfigurationName = Release;
		};
		36D6CB432B8B2051002A0CE3 /* Build configuration list for PBXNativeTarget "UnitTestProjectTests" */ = {
			isa = XCConfigurationList;
			buildConfigurations = (
				36D6CB442B8B2051002A0CE3 /* Debug */,
				36D6CB452B8B2051002A0CE3 /* Release */,
			);
			defaultConfigurationIsVisible = 0;
			defaultConfigurationName = Release;
		};
		36D6CB462B8B2051002A0CE3 /* Build configuration list for PBXNativeTarget "UnitTestProjectUITests" */ = {
			isa = XCConfigurationList;
			buildConfigurations = (
				36D6CB472B8B2051002A0CE3 /* Debug */,
				36D6CB482B8B2051002A0CE3 /* Release */,
			);
			defaultConfigurationIsVisible = 0;
			defaultConfigurationName = Release;
		};
/* End XCConfigurationList section */

/* Begin XCVersionGroup section */
		36D6CB1F2B8B204D002A0CE3 /* UnitTestProject.xcdatamodeld */ = {
			isa = XCVersionGroup;
			children = (
				36D6CB202B8B204D002A0CE3 /* UnitTestProject.xcdatamodel */,
			);
			currentVersion = 36D6CB202B8B204D002A0CE3 /* UnitTestProject.xcdatamodel */;
			path = UnitTestProject.xcdatamodeld;
			sourceTree = "<group>";
			versionGroupType = wrapper.xcdatamodel;
		};
/* End XCVersionGroup section */
	};
	rootObject = 36D6CB0B2B8B204D002A0CE3 /* Project object */;
}
